
Microsoft Visual Studio Solution File, Format Version 12.00
# Visual Studio Version 16
VisualStudioVersion = 16.0.29613.14
MinimumVisualStudioVersion = 10.0.40219.1
Project("{9A19103F-16F7-4668-BE54-9A1E7A4F7556}") = "Backend.API", "ASimpleCRMInvoiceExcercise\Backend.API.csproj", "{E361CE58-C9D2-4DD5-9AB2-DECD78999492}"
EndProject
Project("{9A19103F-16F7-4668-BE54-9A1E7A4F7556}") = "Backend.API.Tests", "ASimpleCRMInvoiceExcercise.Tests\Backend.API.Tests.csproj", "{EE2FFBDA-80F0-4236-9ED5-83682CE17D4E}"
EndProject
Project("{9A19103F-16F7-4668-BE54-9A1E7A4F7556}") = "Backend.API.Dtos", "Backend.API.Dtos\Backend.API.Dtos.csproj", "{C19A34EA-F83E-482F-A208-35A83D47DBAE}"
EndProject
Project("{9A19103F-16F7-4668-BE54-9A1E7A4F7556}") = "Backend.API.Domain", "Backend.API.Domain\Backend.API.Domain.csproj", "{4753F4AB-A1ED-4D05-BD3A-B0B8B485C7A1}"
EndProject
Project("{9A19103F-16F7-4668-BE54-9A1E7A4F7556}") = "Backend.API.Domain.Services", "Bakcend.API.Domain.Services\Backend.API.Domain.Services.csproj", "{574AC06F-A838-437C-9FD1-3DCF2F5A9B99}"
EndProject
Project("{2150E333-8FDC-42A3-9474-1A3956D46DE8}") = "0. API", "0. API", "{93785E7A-6073-44A1-B1BD-58854CD570A2}"
EndProject
Project("{2150E333-8FDC-42A3-9474-1A3956D46DE8}") = "1. Domain", "1. Domain", "{58167F45-DB3B-45F1-B11A-B1D8036412E3}"
EndProject
Project("{2150E333-8FDC-42A3-9474-1A3956D46DE8}") = "2. Data", "2. Data", "{60581636-F7E8-4B0E-8997-282FEF241246}"
EndProject
Project("{9A19103F-16F7-4668-BE54-9A1E7A4F7556}") = "Backend.API.Infrastructure.DI", "Backend.API.Infrastructure.DI\Backend.API.Infrastructure.DI.csproj", "{046528EC-9238-401A-A657-BF4BF4C98326}"
EndProject
Project("{9A19103F-16F7-4668-BE54-9A1E7A4F7556}") = "Backend.API.Infrastructure.Mappings", "Backend.API.Infrastructure.Mappings\Backend.API.Infrastructure.Mappings.csproj", "{2BB2CD19-8155-492A-93B4-08C34FCC27C0}"
EndProject
Project("{9A19103F-16F7-4668-BE54-9A1E7A4F7556}") = "Backend.API.Infrastructure.Mappings.Tests", "Backend.API.Infrastructure.Mappings.Tests\Backend.API.Infrastructure.Mappings.Tests.csproj", "{A88A360A-7A5A-43F1-ADE2-57BB9634C24D}"
EndProject
Project("{2150E333-8FDC-42A3-9474-1A3956D46DE8}") = "Z. Infrastructure", "Z. Infrastructure", "{BFA37DBB-259E-4693-9E1D-2F89A08E1328}"
EndProject
Project("{2150E333-8FDC-42A3-9474-1A3956D46DE8}") = "ZZ. Solution Items", "ZZ. Solution Items", "{730BC49C-3103-46D3-A600-51C8152C1AB5}"
	ProjectSection(SolutionItems) = preProject
		.editorconfig = .editorconfig
	EndProjectSection
EndProject
Project("{FAE04EC0-301F-11D3-BF4B-00C04F79EFBC}") = "Backend.API.CosmosDB.Data", "Backend.API.CosmosDB.Data\Backend.API.CosmosDB.Data.csproj", "{ADE39A66-87AB-4954-9A9D-BEA26233A1AE}"
EndProject
Project("{FAE04EC0-301F-11D3-BF4B-00C04F79EFBC}") = "Backend.API.Data.Generator", "Backend.API.Data.Generator\Backend.API.Data.Generator.csproj", "{1B614402-187E-4FA8-BFB3-D309004D842F}"
EndProject
Project("{FAE04EC0-301F-11D3-BF4B-00C04F79EFBC}") = "Backend.API.CosmosDB.Data.Tests", "Backend.API.CosmosDB.Data.Tests\Backend.API.CosmosDB.Data.Tests.csproj", "{EF52A4A6-7AC1-4C8C-A2EE-1AC16B8421D2}"
EndProject
Global
	GlobalSection(SolutionConfigurationPlatforms) = preSolution
		Debug|Any CPU = Debug|Any CPU
		Release|Any CPU = Release|Any CPU
	EndGlobalSection
	GlobalSection(ProjectConfigurationPlatforms) = postSolution
		{E361CE58-C9D2-4DD5-9AB2-DECD78999492}.Debug|Any CPU.ActiveCfg = Debug|Any CPU
		{E361CE58-C9D2-4DD5-9AB2-DECD78999492}.Debug|Any CPU.Build.0 = Debug|Any CPU
		{E361CE58-C9D2-4DD5-9AB2-DECD78999492}.Release|Any CPU.ActiveCfg = Release|Any CPU
		{E361CE58-C9D2-4DD5-9AB2-DECD78999492}.Release|Any CPU.Build.0 = Release|Any CPU
		{EE2FFBDA-80F0-4236-9ED5-83682CE17D4E}.Debug|Any CPU.ActiveCfg = Debug|Any CPU
		{EE2FFBDA-80F0-4236-9ED5-83682CE17D4E}.Debug|Any CPU.Build.0 = Debug|Any CPU
		{EE2FFBDA-80F0-4236-9ED5-83682CE17D4E}.Release|Any CPU.ActiveCfg = Release|Any CPU
		{EE2FFBDA-80F0-4236-9ED5-83682CE17D4E}.Release|Any CPU.Build.0 = Release|Any CPU
		{C19A34EA-F83E-482F-A208-35A83D47DBAE}.Debug|Any CPU.ActiveCfg = Debug|Any CPU
		{C19A34EA-F83E-482F-A208-35A83D47DBAE}.Debug|Any CPU.Build.0 = Debug|Any CPU
		{C19A34EA-F83E-482F-A208-35A83D47DBAE}.Release|Any CPU.ActiveCfg = Release|Any CPU
		{C19A34EA-F83E-482F-A208-35A83D47DBAE}.Release|Any CPU.Build.0 = Release|Any CPU
		{4753F4AB-A1ED-4D05-BD3A-B0B8B485C7A1}.Debug|Any CPU.ActiveCfg = Debug|Any CPU
		{4753F4AB-A1ED-4D05-BD3A-B0B8B485C7A1}.Debug|Any CPU.Build.0 = Debug|Any CPU
		{4753F4AB-A1ED-4D05-BD3A-B0B8B485C7A1}.Release|Any CPU.ActiveCfg = Release|Any CPU
		{4753F4AB-A1ED-4D05-BD3A-B0B8B485C7A1}.Release|Any CPU.Build.0 = Release|Any CPU
		{574AC06F-A838-437C-9FD1-3DCF2F5A9B99}.Debug|Any CPU.ActiveCfg = Debug|Any CPU
		{574AC06F-A838-437C-9FD1-3DCF2F5A9B99}.Debug|Any CPU.Build.0 = Debug|Any CPU
		{574AC06F-A838-437C-9FD1-3DCF2F5A9B99}.Release|Any CPU.ActiveCfg = Release|Any CPU
		{574AC06F-A838-437C-9FD1-3DCF2F5A9B99}.Release|Any CPU.Build.0 = Release|Any CPU
		{046528EC-9238-401A-A657-BF4BF4C98326}.Debug|Any CPU.ActiveCfg = Debug|Any CPU
		{046528EC-9238-401A-A657-BF4BF4C98326}.Debug|Any CPU.Build.0 = Debug|Any CPU
		{046528EC-9238-401A-A657-BF4BF4C98326}.Release|Any CPU.ActiveCfg = Release|Any CPU
		{046528EC-9238-401A-A657-BF4BF4C98326}.Release|Any CPU.Build.0 = Release|Any CPU
		{2BB2CD19-8155-492A-93B4-08C34FCC27C0}.Debug|Any CPU.ActiveCfg = Debug|Any CPU
		{2BB2CD19-8155-492A-93B4-08C34FCC27C0}.Debug|Any CPU.Build.0 = Debug|Any CPU
		{2BB2CD19-8155-492A-93B4-08C34FCC27C0}.Release|Any CPU.ActiveCfg = Release|Any CPU
		{2BB2CD19-8155-492A-93B4-08C34FCC27C0}.Release|Any CPU.Build.0 = Release|Any CPU
		{A88A360A-7A5A-43F1-ADE2-57BB9634C24D}.Debug|Any CPU.ActiveCfg = Debug|Any CPU
		{A88A360A-7A5A-43F1-ADE2-57BB9634C24D}.Debug|Any CPU.Build.0 = Debug|Any CPU
		{A88A360A-7A5A-43F1-ADE2-57BB9634C24D}.Release|Any CPU.ActiveCfg = Release|Any CPU
		{A88A360A-7A5A-43F1-ADE2-57BB9634C24D}.Release|Any CPU.Build.0 = Release|Any CPU
		{ADE39A66-87AB-4954-9A9D-BEA26233A1AE}.Debug|Any CPU.ActiveCfg = Debug|Any CPU
		{ADE39A66-87AB-4954-9A9D-BEA26233A1AE}.Debug|Any CPU.Build.0 = Debug|Any CPU
		{ADE39A66-87AB-4954-9A9D-BEA26233A1AE}.Release|Any CPU.ActiveCfg = Release|Any CPU
		{ADE39A66-87AB-4954-9A9D-BEA26233A1AE}.Release|Any CPU.Build.0 = Release|Any CPU
		{1B614402-187E-4FA8-BFB3-D309004D842F}.Debug|Any CPU.ActiveCfg = Debug|Any CPU
		{1B614402-187E-4FA8-BFB3-D309004D842F}.Debug|Any CPU.Build.0 = Debug|Any CPU
		{1B614402-187E-4FA8-BFB3-D309004D842F}.Release|Any CPU.ActiveCfg = Release|Any CPU
		{1B614402-187E-4FA8-BFB3-D309004D842F}.Release|Any CPU.Build.0 = Release|Any CPU
		{EF52A4A6-7AC1-4C8C-A2EE-1AC16B8421D2}.Debug|Any CPU.ActiveCfg = Debug|Any CPU
		{EF52A4A6-7AC1-4C8C-A2EE-1AC16B8421D2}.Debug|Any CPU.Build.0 = Debug|Any CPU
		{EF52A4A6-7AC1-4C8C-A2EE-1AC16B8421D2}.Release|Any CPU.ActiveCfg = Release|Any CPU
		{EF52A4A6-7AC1-4C8C-A2EE-1AC16B8421D2}.Release|Any CPU.Build.0 = Release|Any CPU
	EndGlobalSection
	GlobalSection(SolutionProperties) = preSolution
		HideSolutionNode = FALSE
	EndGlobalSection
	GlobalSection(NestedProjects) = preSolution
		{E361CE58-C9D2-4DD5-9AB2-DECD78999492} = {93785E7A-6073-44A1-B1BD-58854CD570A2}
		{EE2FFBDA-80F0-4236-9ED5-83682CE17D4E} = {93785E7A-6073-44A1-B1BD-58854CD570A2}
		{C19A34EA-F83E-482F-A208-35A83D47DBAE} = {93785E7A-6073-44A1-B1BD-58854CD570A2}
		{4753F4AB-A1ED-4D05-BD3A-B0B8B485C7A1} = {58167F45-DB3B-45F1-B11A-B1D8036412E3}
		{574AC06F-A838-437C-9FD1-3DCF2F5A9B99} = {58167F45-DB3B-45F1-B11A-B1D8036412E3}
		{046528EC-9238-401A-A657-BF4BF4C98326} = {BFA37DBB-259E-4693-9E1D-2F89A08E1328}
		{2BB2CD19-8155-492A-93B4-08C34FCC27C0} = {BFA37DBB-259E-4693-9E1D-2F89A08E1328}
		{A88A360A-7A5A-43F1-ADE2-57BB9634C24D} = {BFA37DBB-259E-4693-9E1D-2F89A08E1328}
		{ADE39A66-87AB-4954-9A9D-BEA26233A1AE} = {60581636-F7E8-4B0E-8997-282FEF241246}
		{1B614402-187E-4FA8-BFB3-D309004D842F} = {BFA37DBB-259E-4693-9E1D-2F89A08E1328}
		{EF52A4A6-7AC1-4C8C-A2EE-1AC16B8421D2} = {60581636-F7E8-4B0E-8997-282FEF241246}
	EndGlobalSection
	GlobalSection(ExtensibilityGlobals) = postSolution
		SolutionGuid = {B38EFC00-01D3-4968-97DC-69E386AA419F}
	EndGlobalSection
EndGlobal
